
Microsoft Visual Studio Solution File, Format Version 12.00
# Visual Studio 2013
VisualStudioVersion = 12.0.30501.0
MinimumVisualStudioVersion = 10.0.40219.1
Project("{FAE04EC0-301F-11D3-BF4B-00C04F79EFBC}") = "AppMsg.Droid", "AppMsg.Droid\AppMsg.Droid.csproj", "{D8F39236-BA8E-4946-94A7-32EADFFA695D}"
EndProject
Project("{FAE04EC0-301F-11D3-BF4B-00C04F79EFBC}") = "AppMsg.Touch", "AppMsg.Touch\AppMsg.Touch.csproj", "{9109BE69-7E1A-4F75-9937-B1AC9B2BF44A}"
EndProject
Project("{FAE04EC0-301F-11D3-BF4B-00C04F79EFBC}") = "AppMsg.Droid.Sample", "AppMsg.Droid.Sample\AppMsg.Droid.Sample.csproj", "{FEFFB07B-CF46-4F4B-982D-CEF77995AE1C}"
EndProject
Project("{FAE04EC0-301F-11D3-BF4B-00C04F79EFBC}") = "AppMsg.Touch.Sample", "AppMsg.Touch.Sample\AppMsg.Touch.Sample.csproj", "{B5A44B15-FEE0-4D2C-BBB1-7F9F49820070}"
EndProject
Global
	GlobalSection(SolutionConfigurationPlatforms) = preSolution
		Ad-Hoc|Any CPU = Ad-Hoc|Any CPU
		Ad-Hoc|iPhone = Ad-Hoc|iPhone
		Ad-Hoc|iPhoneSimulator = Ad-Hoc|iPhoneSimulator
		Ad-Hoc|Mixed Platforms = Ad-Hoc|Mixed Platforms
		AppStore|Any CPU = AppStore|Any CPU
		AppStore|iPhone = AppStore|iPhone
		AppStore|iPhoneSimulator = AppStore|iPhoneSimulator
		AppStore|Mixed Platforms = AppStore|Mixed Platforms
		Debug|Any CPU = Debug|Any CPU
		Debug|iPhone = Debug|iPhone
		Debug|iPhoneSimulator = Debug|iPhoneSimulator
		Debug|Mixed Platforms = Debug|Mixed Platforms
		Release|Any CPU = Release|Any CPU
		Release|iPhone = Release|iPhone
		Release|iPhoneSimulator = Release|iPhoneSimulator
		Release|Mixed Platforms = Release|Mixed Platforms
	EndGlobalSection
	GlobalSection(ProjectConfigurationPlatforms) = postSolution
		{D8F39236-BA8E-4946-94A7-32EADFFA695D}.Ad-Hoc|Any CPU.ActiveCfg = Release|Any CPU
		{D8F39236-BA8E-4946-94A7-32EADFFA695D}.Ad-Hoc|Any CPU.Build.0 = Release|Any CPU
		{D8F39236-BA8E-4946-94A7-32EADFFA695D}.Ad-Hoc|iPhone.ActiveCfg = Release|Any CPU
		{D8F39236-BA8E-4946-94A7-32EADFFA695D}.Ad-Hoc|iPhoneSimulator.ActiveCfg = Release|Any CPU
		{D8F39236-BA8E-4946-94A7-32EADFFA695D}.Ad-Hoc|Mixed Platforms.ActiveCfg = Release|Any CPU
		{D8F39236-BA8E-4946-94A7-32EADFFA695D}.Ad-Hoc|Mixed Platforms.Build.0 = Release|Any CPU
		{D8F39236-BA8E-4946-94A7-32EADFFA695D}.AppStore|Any CPU.ActiveCfg = Release|Any CPU
		{D8F39236-BA8E-4946-94A7-32EADFFA695D}.AppStore|Any CPU.Build.0 = Release|Any CPU
		{D8F39236-BA8E-4946-94A7-32EADFFA695D}.AppStore|iPhone.ActiveCfg = Release|Any CPU
		{D8F39236-BA8E-4946-94A7-32EADFFA695D}.AppStore|iPhoneSimulator.ActiveCfg = Release|Any CPU
		{D8F39236-BA8E-4946-94A7-32EADFFA695D}.AppStore|Mixed Platforms.ActiveCfg = Release|Any CPU
		{D8F39236-BA8E-4946-94A7-32EADFFA695D}.AppStore|Mixed Platforms.Build.0 = Release|Any CPU
		{D8F39236-BA8E-4946-94A7-32EADFFA695D}.Debug|Any CPU.ActiveCfg = Debug|Any CPU
		{D8F39236-BA8E-4946-94A7-32EADFFA695D}.Debug|Any CPU.Build.0 = Debug|Any CPU
		{D8F39236-BA8E-4946-94A7-32EADFFA695D}.Debug|iPhone.ActiveCfg = Debug|Any CPU
		{D8F39236-BA8E-4946-94A7-32EADFFA695D}.Debug|iPhoneSimulator.ActiveCfg = Debug|Any CPU
		{D8F39236-BA8E-4946-94A7-32EADFFA695D}.Debug|Mixed Platforms.ActiveCfg = Debug|Any CPU
		{D8F39236-BA8E-4946-94A7-32EADFFA695D}.Debug|Mixed Platforms.Build.0 = Debug|Any CPU
		{D8F39236-BA8E-4946-94A7-32EADFFA695D}.Release|Any CPU.ActiveCfg = Release|Any CPU
		{D8F39236-BA8E-4946-94A7-32EADFFA695D}.Release|Any CPU.Build.0 = Release|Any CPU
		{D8F39236-BA8E-4946-94A7-32EADFFA695D}.Release|iPhone.ActiveCfg = Release|Any CPU
		{D8F39236-BA8E-4946-94A7-32EADFFA695D}.Release|iPhoneSimulator.ActiveCfg = Release|Any CPU
		{D8F39236-BA8E-4946-94A7-32EADFFA695D}.Release|Mixed Platforms.ActiveCfg = Release|Any CPU
		{D8F39236-BA8E-4946-94A7-32EADFFA695D}.Release|Mixed Platforms.Build.0 = Release|Any CPU
		{9109BE69-7E1A-4F75-9937-B1AC9B2BF44A}.Ad-Hoc|Any CPU.ActiveCfg = Release|Any CPU
		{9109BE69-7E1A-4F75-9937-B1AC9B2BF44A}.Ad-Hoc|Any CPU.Build.0 = Release|Any CPU
		{9109BE69-7E1A-4F75-9937-B1AC9B2BF44A}.Ad-Hoc|iPhone.ActiveCfg = Release|Any CPU
		{9109BE69-7E1A-4F75-9937-B1AC9B2BF44A}.Ad-Hoc|iPhoneSimulator.ActiveCfg = Release|Any CPU
		{9109BE69-7E1A-4F75-9937-B1AC9B2BF44A}.Ad-Hoc|Mixed Platforms.ActiveCfg = Release|Any CPU
		{9109BE69-7E1A-4F75-9937-B1AC9B2BF44A}.Ad-Hoc|Mixed Platforms.Build.0 = Release|Any CPU
		{9109BE69-7E1A-4F75-9937-B1AC9B2BF44A}.AppStore|Any CPU.ActiveCfg = Release|Any CPU
		{9109BE69-7E1A-4F75-9937-B1AC9B2BF44A}.AppStore|Any CPU.Build.0 = Release|Any CPU
		{9109BE69-7E1A-4F75-9937-B1AC9B2BF44A}.AppStore|iPhone.ActiveCfg = Release|Any CPU
		{9109BE69-7E1A-4F75-9937-B1AC9B2BF44A}.AppStore|iPhoneSimulator.ActiveCfg = Release|Any CPU
		{9109BE69-7E1A-4F75-9937-B1AC9B2BF44A}.AppStore|Mixed Platforms.ActiveCfg = Release|Any CPU
		{9109BE69-7E1A-4F75-9937-B1AC9B2BF44A}.AppStore|Mixed Platforms.Build.0 = Release|Any CPU
		{9109BE69-7E1A-4F75-9937-B1AC9B2BF44A}.Debug|Any CPU.ActiveCfg = Debug|Any CPU
		{9109BE69-7E1A-4F75-9937-B1AC9B2BF44A}.Debug|Any CPU.Build.0 = Debug|Any CPU
		{9109BE69-7E1A-4F75-9937-B1AC9B2BF44A}.Debug|iPhone.ActiveCfg = Debug|Any CPU
		{9109BE69-7E1A-4F75-9937-B1AC9B2BF44A}.Debug|iPhoneSimulator.ActiveCfg = Debug|Any CPU
		{9109BE69-7E1A-4F75-9937-B1AC9B2BF44A}.Debug|Mixed Platforms.ActiveCfg = Debug|Any CPU
		{9109BE69-7E1A-4F75-9937-B1AC9B2BF44A}.Debug|Mixed Platforms.Build.0 = Debug|Any CPU
		{9109BE69-7E1A-4F75-9937-B1AC9B2BF44A}.Release|Any CPU.ActiveCfg = Release|Any CPU
		{9109BE69-7E1A-4F75-9937-B1AC9B2BF44A}.Release|Any CPU.Build.0 = Release|Any CPU
		{9109BE69-7E1A-4F75-9937-B1AC9B2BF44A}.Release|iPhone.ActiveCfg = Release|Any CPU
		{9109BE69-7E1A-4F75-9937-B1AC9B2BF44A}.Release|iPhoneSimulator.ActiveCfg = Release|Any CPU
		{9109BE69-7E1A-4F75-9937-B1AC9B2BF44A}.Release|Mixed Platforms.ActiveCfg = Release|Any CPU
		{9109BE69-7E1A-4F75-9937-B1AC9B2BF44A}.Release|Mixed Platforms.Build.0 = Release|Any CPU
		{FEFFB07B-CF46-4F4B-982D-CEF77995AE1C}.Ad-Hoc|Any CPU.ActiveCfg = Release|Any CPU
		{FEFFB07B-CF46-4F4B-982D-CEF77995AE1C}.Ad-Hoc|Any CPU.Build.0 = Release|Any CPU
		{FEFFB07B-CF46-4F4B-982D-CEF77995AE1C}.Ad-Hoc|Any CPU.Deploy.0 = Release|Any CPU
		{FEFFB07B-CF46-4F4B-982D-CEF77995AE1C}.Ad-Hoc|iPhone.ActiveCfg = Release|Any CPU
		{FEFFB07B-CF46-4F4B-982D-CEF77995AE1C}.Ad-Hoc|iPhoneSimulator.ActiveCfg = Release|Any CPU
		{FEFFB07B-CF46-4F4B-982D-CEF77995AE1C}.Ad-Hoc|Mixed Platforms.ActiveCfg = Release|Any CPU
		{FEFFB07B-CF46-4F4B-982D-CEF77995AE1C}.Ad-Hoc|Mixed Platforms.Build.0 = Release|Any CPU
		{FEFFB07B-CF46-4F4B-982D-CEF77995AE1C}.Ad-Hoc|Mixed Platforms.Deploy.0 = Release|Any CPU
		{FEFFB07B-CF46-4F4B-982D-CEF77995AE1C}.AppStore|Any CPU.ActiveCfg = Release|Any CPU
		{FEFFB07B-CF46-4F4B-982D-CEF77995AE1C}.AppStore|Any CPU.Build.0 = Release|Any CPU
		{FEFFB07B-CF46-4F4B-982D-CEF77995AE1C}.AppStore|Any CPU.Deploy.0 = Release|Any CPU
		{FEFFB07B-CF46-4F4B-982D-CEF77995AE1C}.AppStore|iPhone.ActiveCfg = Release|Any CPU
		{FEFFB07B-CF46-4F4B-982D-CEF77995AE1C}.AppStore|iPhoneSimulator.ActiveCfg = Release|Any CPU
		{FEFFB07B-CF46-4F4B-982D-CEF77995AE1C}.AppStore|Mixed Platforms.ActiveCfg = Release|Any CPU
		{FEFFB07B-CF46-4F4B-982D-CEF77995AE1C}.AppStore|Mixed Platforms.Build.0 = Release|Any CPU
		{FEFFB07B-CF46-4F4B-982D-CEF77995AE1C}.AppStore|Mixed Platforms.Deploy.0 = Release|Any CPU
		{FEFFB07B-CF46-4F4B-982D-CEF77995AE1C}.Debug|Any CPU.ActiveCfg = Debug|Any CPU
		{FEFFB07B-CF46-4F4B-982D-CEF77995AE1C}.Debug|Any CPU.Build.0 = Debug|Any CPU
		{FEFFB07B-CF46-4F4B-982D-CEF77995AE1C}.Debug|Any CPU.Deploy.0 = Debug|Any CPU
		{FEFFB07B-CF46-4F4B-982D-CEF77995AE1C}.Debug|iPhone.ActiveCfg = Debug|Any CPU
		{FEFFB07B-CF46-4F4B-982D-CEF77995AE1C}.Debug|iPhoneSimulator.ActiveCfg = Debug|Any CPU
		{FEFFB07B-CF46-4F4B-982D-CEF77995AE1C}.Debug|Mixed Platforms.ActiveCfg = Debug|Any CPU
		{FEFFB07B-CF46-4F4B-982D-CEF77995AE1C}.Debug|Mixed Platforms.Build.0 = Debug|Any CPU
		{FEFFB07B-CF46-4F4B-982D-CEF77995AE1C}.Debug|Mixed Platforms.Deploy.0 = Debug|Any CPU
		{FEFFB07B-CF46-4F4B-982D-CEF77995AE1C}.Release|Any CPU.ActiveCfg = Release|Any CPU
		{FEFFB07B-CF46-4F4B-982D-CEF77995AE1C}.Release|Any CPU.Build.0 = Release|Any CPU
		{FEFFB07B-CF46-4F4B-982D-CEF77995AE1C}.Release|Any CPU.Deploy.0 = Release|Any CPU
		{FEFFB07B-CF46-4F4B-982D-CEF77995AE1C}.Release|iPhone.ActiveCfg = Release|Any CPU
		{FEFFB07B-CF46-4F4B-982D-CEF77995AE1C}.Release|iPhoneSimulator.ActiveCfg = Release|Any CPU
		{FEFFB07B-CF46-4F4B-982D-CEF77995AE1C}.Release|Mixed Platforms.ActiveCfg = Release|Any CPU
		{FEFFB07B-CF46-4F4B-982D-CEF77995AE1C}.Release|Mixed Platforms.Build.0 = Release|Any CPU
		{FEFFB07B-CF46-4F4B-982D-CEF77995AE1C}.Release|Mixed Platforms.Deploy.0 = Release|Any CPU
		{B5A44B15-FEE0-4D2C-BBB1-7F9F49820070}.Ad-Hoc|Any CPU.ActiveCfg = Ad-Hoc|iPhone
		{B5A44B15-FEE0-4D2C-BBB1-7F9F49820070}.Ad-Hoc|iPhone.ActiveCfg = Ad-Hoc|iPhone
		{B5A44B15-FEE0-4D2C-BBB1-7F9F49820070}.Ad-Hoc|iPhone.Build.0 = Ad-Hoc|iPhone
		{B5A44B15-FEE0-4D2C-BBB1-7F9F49820070}.Ad-Hoc|iPhone.Deploy.0 = Ad-Hoc|iPhone
		{B5A44B15-FEE0-4D2C-BBB1-7F9F49820070}.Ad-Hoc|iPhoneSimulator.ActiveCfg = Ad-Hoc|iPhoneSimulator
		{B5A44B15-FEE0-4D2C-BBB1-7F9F49820070}.Ad-Hoc|iPhoneSimulator.Build.0 = Ad-Hoc|iPhoneSimulator
		{B5A44B15-FEE0-4D2C-BBB1-7F9F49820070}.Ad-Hoc|iPhoneSimulator.Deploy.0 = Ad-Hoc|iPhoneSimulator
		{B5A44B15-FEE0-4D2C-BBB1-7F9F49820070}.Ad-Hoc|Mixed Platforms.ActiveCfg = Ad-Hoc|iPhone
		{B5A44B15-FEE0-4D2C-BBB1-7F9F49820070}.Ad-Hoc|Mixed Platforms.Build.0 = Ad-Hoc|iPhone
		{B5A44B15-FEE0-4D2C-BBB1-7F9F49820070}.Ad-Hoc|Mixed Platforms.Deploy.0 = Ad-Hoc|iPhone
		{B5A44B15-FEE0-4D2C-BBB1-7F9F49820070}.AppStore|Any CPU.ActiveCfg = AppStore|iPhone
		{B5A44B15-FEE0-4D2C-BBB1-7F9F49820070}.AppStore|iPhone.ActiveCfg = AppStore|iPhone
		{B5A44B15-FEE0-4D2C-BBB1-7F9F49820070}.AppStore|iPhone.Build.0 = AppStore|iPhone
		{B5A44B15-FEE0-4D2C-BBB1-7F9F49820070}.AppStore|iPhone.Deploy.0 = AppStore|iPhone
		{B5A44B15-FEE0-4D2C-BBB1-7F9F49820070}.AppStore|iPhoneSimulator.ActiveCfg = AppStore|iPhoneSimulator
		{B5A44B15-FEE0-4D2C-BBB1-7F9F49820070}.AppStore|iPhoneSimulator.Build.0 = AppStore|iPhoneSimulator
		{B5A44B15-FEE0-4D2C-BBB1-7F9F49820070}.AppStore|iPhoneSimulator.Deploy.0 = AppStore|iPhoneSimulator
		{B5A44B15-FEE0-4D2C-BBB1-7F9F49820070}.AppStore|Mixed Platforms.ActiveCfg = AppStore|iPhone
		{B5A44B15-FEE0-4D2C-BBB1-7F9F49820070}.AppStore|Mixed Platforms.Build.0 = AppStore|iPhone
		{B5A44B15-FEE0-4D2C-BBB1-7F9F49820070}.AppStore|Mixed Platforms.Deploy.0 = AppStore|iPhone
		{B5A44B15-FEE0-4D2C-BBB1-7F9F49820070}.Debug|Any CPU.ActiveCfg = Debug|iPhone
		{B5A44B15-FEE0-4D2C-BBB1-7F9F49820070}.Debug|iPhone.ActiveCfg = Debug|iPhone
		{B5A44B15-FEE0-4D2C-BBB1-7F9F49820070}.Debug|iPhone.Build.0 = Debug|iPhone
		{B5A44B15-FEE0-4D2C-BBB1-7F9F49820070}.Debug|iPhone.Deploy.0 = Debug|iPhone
		{B5A44B15-FEE0-4D2C-BBB1-7F9F49820070}.Debug|iPhoneSimulator.ActiveCfg = Debug|iPhoneSimulator
		{B5A44B15-FEE0-4D2C-BBB1-7F9F49820070}.Debug|iPhoneSimulator.Build.0 = Debug|iPhoneSimulator
		{B5A44B15-FEE0-4D2C-BBB1-7F9F49820070}.Debug|iPhoneSimulator.Deploy.0 = Debug|iPhoneSimulator
		{B5A44B15-FEE0-4D2C-BBB1-7F9F49820070}.Debug|Mixed Platforms.ActiveCfg = Debug|iPhone
		{B5A44B15-FEE0-4D2C-BBB1-7F9F49820070}.Debug|Mixed Platforms.Build.0 = Debug|iPhone
		{B5A44B15-FEE0-4D2C-BBB1-7F9F49820070}.Debug|Mixed Platforms.Deploy.0 = Debug|iPhone
		{B5A44B15-FEE0-4D2C-BBB1-7F9F49820070}.Release|Any CPU.ActiveCfg = Release|iPhone
		{B5A44B15-FEE0-4D2C-BBB1-7F9F49820070}.Release|iPhone.ActiveCfg = Release|iPhone
		{B5A44B15-FEE0-4D2C-BBB1-7F9F49820070}.Release|iPhone.Build.0 = Release|iPhone
		{B5A44B15-FEE0-4D2C-BBB1-7F9F49820070}.Release|iPhone.Deploy.0 = Release|iPhone
		{B5A44B15-FEE0-4D2C-BBB1-7F9F49820070}.Release|iPhoneSimulator.ActiveCfg = Release|iPhoneSimulator
		{B5A44B15-FEE0-4D2C-BBB1-7F9F49820070}.Release|iPhoneSimulator.Build.0 = Release|iPhoneSimulator
		{B5A44B15-FEE0-4D2C-BBB1-7F9F49820070}.Release|iPhoneSimulator.Deploy.0 = Release|iPhoneSimulator
		{B5A44B15-FEE0-4D2C-BBB1-7F9F49820070}.Release|Mixed Platforms.ActiveCfg = Release|iPhone
		{B5A44B15-FEE0-4D2C-BBB1-7F9F49820070}.Release|Mixed Platforms.Build.0 = Release|iPhone
		{B5A44B15-FEE0-4D2C-BBB1-7F9F49820070}.Release|Mixed Platforms.Deploy.0 = Release|iPhone
	EndGlobalSection
	GlobalSection(SolutionProperties) = preSolution
		HideSolutionNode = FALSE
	EndGlobalSection
EndGlobal
